
Microsoft Visual Studio Solution File, Format Version 12.00
# Visual Studio Version 16
VisualStudioVersion = 16.0.30204.135
MinimumVisualStudioVersion = 10.0.40219.1
Project("{9A19103F-16F7-4668-BE54-9A1E7A4F7556}") = "CompetitionGame", "CompetitionGame\CompetitionGame.csproj", "{1D037276-5DD5-48EC-AA30-F349F4DA3773}"
EndProject
Project("{FAE04EC0-301F-11D3-BF4B-00C04F79EFBC}") = "CompetitionGameTest", "CompetitionGameTest\CompetitionGameTest.csproj", "{2D4B567E-8B89-426B-A86F-7A0C7BABCECE}"
EndProject
Global
	GlobalSection(SolutionConfigurationPlatforms) = preSolution
		Debug|Any CPU = Debug|Any CPU
		Release|Any CPU = Release|Any CPU
	EndGlobalSection
	GlobalSection(ProjectConfigurationPlatforms) = postSolution
		{1D037276-5DD5-48EC-AA30-F349F4DA3773}.Debug|Any CPU.ActiveCfg = Debug|Any CPU
		{1D037276-5DD5-48EC-AA30-F349F4DA3773}.Debug|Any CPU.Build.0 = Debug|Any CPU
		{1D037276-5DD5-48EC-AA30-F349F4DA3773}.Release|Any CPU.ActiveCfg = Release|Any CPU
		{1D037276-5DD5-48EC-AA30-F349F4DA3773}.Release|Any CPU.Build.0 = Release|Any CPU
		{2D4B567E-8B89-426B-A86F-7A0C7BABCECE}.Debug|Any CPU.ActiveCfg = Debug|Any CPU
		{2D4B567E-8B89-426B-A86F-7A0C7BABCECE}.Debug|Any CPU.Build.0 = Debug|Any CPU
		{2D4B567E-8B89-426B-A86F-7A0C7BABCECE}.Release|Any CPU.ActiveCfg = Release|Any CPU
		{2D4B567E-8B89-426B-A86F-7A0C7BABCECE}.Release|Any CPU.Build.0 = Release|Any CPU
	EndGlobalSection
	GlobalSection(SolutionProperties) = preSolution
		HideSolutionNode = FALSE
	EndGlobalSection
	GlobalSection(ExtensibilityGlobals) = postSolution
		SolutionGuid = {B2ED8A30-A0C1-4185-8DB1-A819B9CAD55E}
	EndGlobalSection
EndGlobal
